
Microsoft Visual Studio Solution File, Format Version 12.00
# Visual Studio Version 16
VisualStudioVersion = 25.0.1700.0
MinimumVisualStudioVersion = 10.0.40219.1
Project("{FAE04EC0-301F-11D3-BF4B-00C04F79EFBC}") = "TreinamentoTestes", "TreinamentoTestes\TreinamentoTestes.csproj", "{58161083-C391-4960-9EB3-A1F6532F2E1C}"
EndProject
Global
	GlobalSection(SolutionConfigurationPlatforms) = preSolution
		Debug|Any CPU = Debug|Any CPU
		Release|Any CPU = Release|Any CPU
	EndGlobalSection
	GlobalSection(ProjectConfigurationPlatforms) = postSolution
		{58161083-C391-4960-9EB3-A1F6532F2E1C}.Debug|Any CPU.ActiveCfg = Debug|Any CPU
		{58161083-C391-4960-9EB3-A1F6532F2E1C}.Debug|Any CPU.Build.0 = Debug|Any CPU
		{58161083-C391-4960-9EB3-A1F6532F2E1C}.Release|Any CPU.ActiveCfg = Release|Any CPU
		{58161083-C391-4960-9EB3-A1F6532F2E1C}.Release|Any CPU.Build.0 = Release|Any CPU
	EndGlobalSection
	GlobalSection(SolutionProperties) = preSolution
		HideSolutionNode = FALSE
	EndGlobalSection
	GlobalSection(ExtensibilityGlobals) = postSolution
		SolutionGuid = {B35B7F17-5B9A-4D41-B900-6B0219268D31}
	EndGlobalSection
EndGlobal
